
Microsoft Visual Studio Solution File, Format Version 12.00
# Visual Studio Version 16
VisualStudioVersion = 16.0.30804.86
MinimumVisualStudioVersion = 10.0.40219.1
Project("{2150E333-8FDC-42A3-9474-1A3956D46DE8}") = "Base", "Base", "{A0202990-86AA-499D-89AB-77B9F7723D36}"
EndProject
Project("{9A19103F-16F7-4668-BE54-9A1E7A4F7556}") = "Home.Base", "Base\Home.Base\Home.Base.csproj", "{A58E2A82-333A-47B2-9DAF-FCF6C68B072B}"
EndProject
Project("{9A19103F-16F7-4668-BE54-9A1E7A4F7556}") = "Home.Service", "Base\Home.Service\Home.Service.csproj", "{70D08893-2A18-49BB-A342-C4F2A98C866A}"
EndProject
Project("{2150E333-8FDC-42A3-9474-1A3956D46DE8}") = "Repository", "Repository", "{BC142FE8-74FE-48E4-9296-43EADDB989C6}"
EndProject
Project("{9A19103F-16F7-4668-BE54-9A1E7A4F7556}") = "Home.Repository.MongoDb", "Repository\Home.Repository.MongoDb\Home.Repository.MongoDb.csproj", "{77C2E8F0-E4D2-4D57-B209-87F41C860814}"
EndProject
Project("{2150E333-8FDC-42A3-9474-1A3956D46DE8}") = "Air", "Air", "{0AC8385E-6EDC-42B8-9466-70B5DF6F926F}"
EndProject
Project("{2150E333-8FDC-42A3-9474-1A3956D46DE8}") = "Client", "Client", "{59A62329-B5CC-4D6D-9560-2F426836BFDB}"
EndProject
Project("{9A19103F-16F7-4668-BE54-9A1E7A4F7556}") = "Home.Client.Api", "Client\Home.Client.Api\Home.Client.Api.csproj", "{B02A500C-4ED7-4863-9F7A-558CAA5A454C}"
EndProject
Project("{9A19103F-16F7-4668-BE54-9A1E7A4F7556}") = "Home.Client.MonitorHost", "Client\Home.Client.MonitorHost\Home.Client.MonitorHost.csproj", "{099FFAFF-C85D-4682-85DA-8905C685E6C4}"
EndProject
Project("{9A19103F-16F7-4668-BE54-9A1E7A4F7556}") = "Home.Air.Monitor", "Air\Home.Air.Monitor\Home.Air.Monitor.csproj", "{FAF5A679-E082-47CB-9799-2B55A7678320}"
EndProject
Project("{FAE04EC0-301F-11D3-BF4B-00C04F79EFBC}") = "Home.Air.Base", "Air\Home.Air.Base\Home.Air.Base.csproj", "{5A1B4DBA-F2B6-4E94-8DBE-498B1E309323}"
EndProject
Global
	GlobalSection(SolutionConfigurationPlatforms) = preSolution
		Debug|Any CPU = Debug|Any CPU
		Release|Any CPU = Release|Any CPU
	EndGlobalSection
	GlobalSection(ProjectConfigurationPlatforms) = postSolution
		{A58E2A82-333A-47B2-9DAF-FCF6C68B072B}.Debug|Any CPU.ActiveCfg = Debug|Any CPU
		{A58E2A82-333A-47B2-9DAF-FCF6C68B072B}.Debug|Any CPU.Build.0 = Debug|Any CPU
		{A58E2A82-333A-47B2-9DAF-FCF6C68B072B}.Release|Any CPU.ActiveCfg = Release|Any CPU
		{A58E2A82-333A-47B2-9DAF-FCF6C68B072B}.Release|Any CPU.Build.0 = Release|Any CPU
		{70D08893-2A18-49BB-A342-C4F2A98C866A}.Debug|Any CPU.ActiveCfg = Debug|Any CPU
		{70D08893-2A18-49BB-A342-C4F2A98C866A}.Debug|Any CPU.Build.0 = Debug|Any CPU
		{70D08893-2A18-49BB-A342-C4F2A98C866A}.Release|Any CPU.ActiveCfg = Release|Any CPU
		{70D08893-2A18-49BB-A342-C4F2A98C866A}.Release|Any CPU.Build.0 = Release|Any CPU
		{77C2E8F0-E4D2-4D57-B209-87F41C860814}.Debug|Any CPU.ActiveCfg = Debug|Any CPU
		{77C2E8F0-E4D2-4D57-B209-87F41C860814}.Debug|Any CPU.Build.0 = Debug|Any CPU
		{77C2E8F0-E4D2-4D57-B209-87F41C860814}.Release|Any CPU.ActiveCfg = Release|Any CPU
		{77C2E8F0-E4D2-4D57-B209-87F41C860814}.Release|Any CPU.Build.0 = Release|Any CPU
		{B02A500C-4ED7-4863-9F7A-558CAA5A454C}.Debug|Any CPU.ActiveCfg = Debug|Any CPU
		{B02A500C-4ED7-4863-9F7A-558CAA5A454C}.Debug|Any CPU.Build.0 = Debug|Any CPU
		{B02A500C-4ED7-4863-9F7A-558CAA5A454C}.Release|Any CPU.ActiveCfg = Release|Any CPU
		{B02A500C-4ED7-4863-9F7A-558CAA5A454C}.Release|Any CPU.Build.0 = Release|Any CPU
		{099FFAFF-C85D-4682-85DA-8905C685E6C4}.Debug|Any CPU.ActiveCfg = Debug|Any CPU
		{099FFAFF-C85D-4682-85DA-8905C685E6C4}.Debug|Any CPU.Build.0 = Debug|Any CPU
		{099FFAFF-C85D-4682-85DA-8905C685E6C4}.Release|Any CPU.ActiveCfg = Release|Any CPU
		{099FFAFF-C85D-4682-85DA-8905C685E6C4}.Release|Any CPU.Build.0 = Release|Any CPU
		{FAF5A679-E082-47CB-9799-2B55A7678320}.Debug|Any CPU.ActiveCfg = Debug|Any CPU
		{FAF5A679-E082-47CB-9799-2B55A7678320}.Debug|Any CPU.Build.0 = Debug|Any CPU
		{FAF5A679-E082-47CB-9799-2B55A7678320}.Release|Any CPU.ActiveCfg = Release|Any CPU
		{FAF5A679-E082-47CB-9799-2B55A7678320}.Release|Any CPU.Build.0 = Release|Any CPU
		{5A1B4DBA-F2B6-4E94-8DBE-498B1E309323}.Debug|Any CPU.ActiveCfg = Debug|Any CPU
		{5A1B4DBA-F2B6-4E94-8DBE-498B1E309323}.Debug|Any CPU.Build.0 = Debug|Any CPU
		{5A1B4DBA-F2B6-4E94-8DBE-498B1E309323}.Release|Any CPU.ActiveCfg = Release|Any CPU
		{5A1B4DBA-F2B6-4E94-8DBE-498B1E309323}.Release|Any CPU.Build.0 = Release|Any CPU
	EndGlobalSection
	GlobalSection(SolutionProperties) = preSolution
		HideSolutionNode = FALSE
	EndGlobalSection
	GlobalSection(NestedProjects) = preSolution
		{A58E2A82-333A-47B2-9DAF-FCF6C68B072B} = {A0202990-86AA-499D-89AB-77B9F7723D36}
		{70D08893-2A18-49BB-A342-C4F2A98C866A} = {A0202990-86AA-499D-89AB-77B9F7723D36}
		{77C2E8F0-E4D2-4D57-B209-87F41C860814} = {BC142FE8-74FE-48E4-9296-43EADDB989C6}
		{B02A500C-4ED7-4863-9F7A-558CAA5A454C} = {59A62329-B5CC-4D6D-9560-2F426836BFDB}
		{099FFAFF-C85D-4682-85DA-8905C685E6C4} = {59A62329-B5CC-4D6D-9560-2F426836BFDB}
		{FAF5A679-E082-47CB-9799-2B55A7678320} = {0AC8385E-6EDC-42B8-9466-70B5DF6F926F}
		{5A1B4DBA-F2B6-4E94-8DBE-498B1E309323} = {0AC8385E-6EDC-42B8-9466-70B5DF6F926F}
	EndGlobalSection
	GlobalSection(ExtensibilityGlobals) = postSolution
		SolutionGuid = {D20CCA0F-D13B-4C7F-89E2-49647BCE490E}
	EndGlobalSection
EndGlobal
