
Microsoft Visual Studio Solution File, Format Version 12.00
# Visual Studio Version 16
VisualStudioVersion = 16.0.30804.86
MinimumVisualStudioVersion = 10.0.40219.1
Project("{9A19103F-16F7-4668-BE54-9A1E7A4F7556}") = "Home.Api", "Home.Api\Home.Api.csproj", "{DCEDCF69-9730-419D-8E1D-1A22573E80BF}"
EndProject
Project("{9A19103F-16F7-4668-BE54-9A1E7A4F7556}") = "Home.MonitorHost", "Home.MonitorHost\Home.MonitorHost.csproj", "{59548B8C-668A-4DA1-A723-F69E9E428CAC}"
EndProject
Project("{9A19103F-16F7-4668-BE54-9A1E7A4F7556}") = "Home.AirSensor", "Home.AirSensor\Home.AirSensor.csproj", "{404278CA-2959-4C70-94A1-C747A103B423}"
EndProject
Project("{2150E333-8FDC-42A3-9474-1A3956D46DE8}") = "Base", "Base", "{A0202990-86AA-499D-89AB-77B9F7723D36}"
EndProject
Project("{9A19103F-16F7-4668-BE54-9A1E7A4F7556}") = "Home.Base", "Base\Home.Base\Home.Base.csproj", "{A58E2A82-333A-47B2-9DAF-FCF6C68B072B}"
EndProject
Project("{FAE04EC0-301F-11D3-BF4B-00C04F79EFBC}") = "Home.Service", "Base\Home.Service\Home.Service.csproj", "{70D08893-2A18-49BB-A342-C4F2A98C866A}"
EndProject
Project("{2150E333-8FDC-42A3-9474-1A3956D46DE8}") = "Repository", "Repository", "{BC142FE8-74FE-48E4-9296-43EADDB989C6}"
EndProject
Project("{FAE04EC0-301F-11D3-BF4B-00C04F79EFBC}") = "Home.Repository.MongoDb", "Repository\Home.Repository.MongoDb\Home.Repository.MongoDb.csproj", "{77C2E8F0-E4D2-4D57-B209-87F41C860814}"
EndProject
Global
	GlobalSection(SolutionConfigurationPlatforms) = preSolution
		Debug|Any CPU = Debug|Any CPU
		Release|Any CPU = Release|Any CPU
	EndGlobalSection
	GlobalSection(ProjectConfigurationPlatforms) = postSolution
		{DCEDCF69-9730-419D-8E1D-1A22573E80BF}.Debug|Any CPU.ActiveCfg = Debug|Any CPU
		{DCEDCF69-9730-419D-8E1D-1A22573E80BF}.Debug|Any CPU.Build.0 = Debug|Any CPU
		{DCEDCF69-9730-419D-8E1D-1A22573E80BF}.Release|Any CPU.ActiveCfg = Release|Any CPU
		{DCEDCF69-9730-419D-8E1D-1A22573E80BF}.Release|Any CPU.Build.0 = Release|Any CPU
		{59548B8C-668A-4DA1-A723-F69E9E428CAC}.Debug|Any CPU.ActiveCfg = Debug|Any CPU
		{59548B8C-668A-4DA1-A723-F69E9E428CAC}.Debug|Any CPU.Build.0 = Debug|Any CPU
		{59548B8C-668A-4DA1-A723-F69E9E428CAC}.Release|Any CPU.ActiveCfg = Release|Any CPU
		{59548B8C-668A-4DA1-A723-F69E9E428CAC}.Release|Any CPU.Build.0 = Release|Any CPU
		{404278CA-2959-4C70-94A1-C747A103B423}.Debug|Any CPU.ActiveCfg = Debug|Any CPU
		{404278CA-2959-4C70-94A1-C747A103B423}.Debug|Any CPU.Build.0 = Debug|Any CPU
		{404278CA-2959-4C70-94A1-C747A103B423}.Release|Any CPU.ActiveCfg = Release|Any CPU
		{404278CA-2959-4C70-94A1-C747A103B423}.Release|Any CPU.Build.0 = Release|Any CPU
		{A58E2A82-333A-47B2-9DAF-FCF6C68B072B}.Debug|Any CPU.ActiveCfg = Debug|Any CPU
		{A58E2A82-333A-47B2-9DAF-FCF6C68B072B}.Debug|Any CPU.Build.0 = Debug|Any CPU
		{A58E2A82-333A-47B2-9DAF-FCF6C68B072B}.Release|Any CPU.ActiveCfg = Release|Any CPU
		{A58E2A82-333A-47B2-9DAF-FCF6C68B072B}.Release|Any CPU.Build.0 = Release|Any CPU
		{70D08893-2A18-49BB-A342-C4F2A98C866A}.Debug|Any CPU.ActiveCfg = Debug|Any CPU
		{70D08893-2A18-49BB-A342-C4F2A98C866A}.Debug|Any CPU.Build.0 = Debug|Any CPU
		{70D08893-2A18-49BB-A342-C4F2A98C866A}.Release|Any CPU.ActiveCfg = Release|Any CPU
		{70D08893-2A18-49BB-A342-C4F2A98C866A}.Release|Any CPU.Build.0 = Release|Any CPU
		{77C2E8F0-E4D2-4D57-B209-87F41C860814}.Debug|Any CPU.ActiveCfg = Debug|Any CPU
		{77C2E8F0-E4D2-4D57-B209-87F41C860814}.Debug|Any CPU.Build.0 = Debug|Any CPU
		{77C2E8F0-E4D2-4D57-B209-87F41C860814}.Release|Any CPU.ActiveCfg = Release|Any CPU
		{77C2E8F0-E4D2-4D57-B209-87F41C860814}.Release|Any CPU.Build.0 = Release|Any CPU
	EndGlobalSection
	GlobalSection(SolutionProperties) = preSolution
		HideSolutionNode = FALSE
	EndGlobalSection
	GlobalSection(NestedProjects) = preSolution
		{A58E2A82-333A-47B2-9DAF-FCF6C68B072B} = {A0202990-86AA-499D-89AB-77B9F7723D36}
		{70D08893-2A18-49BB-A342-C4F2A98C866A} = {A0202990-86AA-499D-89AB-77B9F7723D36}
		{77C2E8F0-E4D2-4D57-B209-87F41C860814} = {BC142FE8-74FE-48E4-9296-43EADDB989C6}
	EndGlobalSection
	GlobalSection(ExtensibilityGlobals) = postSolution
		SolutionGuid = {D20CCA0F-D13B-4C7F-89E2-49647BCE490E}
	EndGlobalSection
EndGlobal
